// !$*UTF8*$!
{
	archiveVersion = 1;
	classes = {
	};
	objectVersion = 46;
	objects = {

/* Begin PBXBuildFile section */
		188D0CEE2223D2E0006B158B /* BallView.swift in Sources */ = {isa = PBXBuildFile; fileRef = 188D0CED2223D2E0006B158B /* BallView.swift */; };
		1FE6763A1C4F6866008CBB62 /* AppDelegate.swift in Sources */ = {isa = PBXBuildFile; fileRef = 1FE676391C4F6866008CBB62 /* AppDelegate.swift */; };
		1FE6763C1C4F6866008CBB62 /* ViewController.swift in Sources */ = {isa = PBXBuildFile; fileRef = 1FE6763B1C4F6866008CBB62 /* ViewController.swift */; };
		1FE6763F1C4F6866008CBB62 /* Main.storyboard in Resources */ = {isa = PBXBuildFile; fileRef = 1FE6763D1C4F6866008CBB62 /* Main.storyboard */; };
		1FE676411C4F6866008CBB62 /* Assets.xcassets in Resources */ = {isa = PBXBuildFile; fileRef = 1FE676401C4F6866008CBB62 /* Assets.xcassets */; };
		1FE676441C4F6866008CBB62 /* LaunchScreen.storyboard in Resources */ = {isa = PBXBuildFile; fileRef = 1FE676421C4F6866008CBB62 /* LaunchScreen.storyboard */; };
		1FE6764C1C4F68BA008CBB62 /* GameView.swift in Sources */ = {isa = PBXBuildFile; fileRef = 1FE6764B1C4F68BA008CBB62 /* GameView.swift */; };
		1FE6764E1C4F68CF008CBB62 /* GameMap.swift in Sources */ = {isa = PBXBuildFile; fileRef = 1FE6764D1C4F68CF008CBB62 /* GameMap.swift */; };
/* End PBXBuildFile section */

/* Begin PBXFileReference section */
		188D0CED2223D2E0006B158B /* BallView.swift */ = {isa = PBXFileReference; lastKnownFileType = sourcecode.swift; path = BallView.swift; sourceTree = "<group>"; };
		1FE676361C4F6866008CBB62 /* Marbles.app */ = {isa = PBXFileReference; explicitFileType = wrapper.application; includeInIndex = 0; path = Marbles.app; sourceTree = BUILT_PRODUCTS_DIR; };
		1FE676391C4F6866008CBB62 /* AppDelegate.swift */ = {isa = PBXFileReference; lastKnownFileType = sourcecode.swift; path = AppDelegate.swift; sourceTree = "<group>"; };
		1FE6763B1C4F6866008CBB62 /* ViewController.swift */ = {isa = PBXFileReference; lastKnownFileType = sourcecode.swift; path = ViewController.swift; sourceTree = "<group>"; };
		1FE6763E1C4F6866008CBB62 /* Base */ = {isa = PBXFileReference; lastKnownFileType = file.storyboard; name = Base; path = Base.lproj/Main.storyboard; sourceTree = "<group>"; };
		1FE676401C4F6866008CBB62 /* Assets.xcassets */ = {isa = PBXFileReference; lastKnownFileType = folder.assetcatalog; path = Assets.xcassets; sourceTree = "<group>"; };
		1FE676431C4F6866008CBB62 /* Base */ = {isa = PBXFileReference; lastKnownFileType = file.storyboard; name = Base; path = Base.lproj/LaunchScreen.storyboard; sourceTree = "<group>"; };
		1FE676451C4F6866008CBB62 /* Info.plist */ = {isa = PBXFileReference; lastKnownFileType = text.plist.xml; path = Info.plist; sourceTree = "<group>"; };
		1FE6764B1C4F68BA008CBB62 /* GameView.swift */ = {isa = PBXFileReference; fileEncoding = 4; lastKnownFileType = sourcecode.swift; path = GameView.swift; sourceTree = "<group>"; };
		1FE6764D1C4F68CF008CBB62 /* GameMap.swift */ = {isa = PBXFileReference; fileEncoding = 4; lastKnownFileType = sourcecode.swift; path = GameMap.swift; sourceTree = "<group>"; };
/* End PBXFileReference section */

/* Begin PBXFrameworksBuildPhase section */
		1FE676331C4F6866008CBB62 /* Frameworks */ = {
			isa = PBXFrameworksBuildPhase;
			buildActionMask = 2147483647;
			files = (
			);
			runOnlyForDeploymentPostprocessing = 0;
		};
/* End PBXFrameworksBuildPhase section */

/* Begin PBXGroup section */
		1FE6762D1C4F6866008CBB62 = {
			isa = PBXGroup;
			children = (
				1FE676381C4F6866008CBB62 /* Marbles */,
				1FE676371C4F6866008CBB62 /* Products */,
			);
			sourceTree = "<group>";
		};
		1FE676371C4F6866008CBB62 /* Products */ = {
			isa = PBXGroup;
			children = (
				1FE676361C4F6866008CBB62 /* Marbles.app */,
			);
			name = Products;
			sourceTree = "<group>";
		};
		1FE676381C4F6866008CBB62 /* Marbles */ = {
			isa = PBXGroup;
			children = (
				1FE676391C4F6866008CBB62 /* AppDelegate.swift */,
				1FE6763B1C4F6866008CBB62 /* ViewController.swift */,
				1FE6764B1C4F68BA008CBB62 /* GameView.swift */,
				188D0CED2223D2E0006B158B /* BallView.swift */,
				1FE6764D1C4F68CF008CBB62 /* GameMap.swift */,
				1FE6763D1C4F6866008CBB62 /* Main.storyboard */,
				1FE676401C4F6866008CBB62 /* Assets.xcassets */,
				1FE676421C4F6866008CBB62 /* LaunchScreen.storyboard */,
				1FE676451C4F6866008CBB62 /* Info.plist */,
			);
			path = Marbles;
			sourceTree = "<group>";
		};
/* End PBXGroup section */

/* Begin PBXNativeTarget section */
		1FE676351C4F6866008CBB62 /* Marbles */ = {
			isa = PBXNativeTarget;
			buildConfigurationList = 1FE676481C4F6866008CBB62 /* Build configuration list for PBXNativeTarget "Marbles" */;
			buildPhases = (
				1FE676321C4F6866008CBB62 /* Sources */,
				1FE676331C4F6866008CBB62 /* Frameworks */,
				1FE676341C4F6866008CBB62 /* Resources */,
			);
			buildRules = (
			);
			dependencies = (
			);
			name = Marbles;
			productName = Marbles;
			productReference = 1FE676361C4F6866008CBB62 /* Marbles.app */;
			productType = "com.apple.product-type.application";
		};
/* End PBXNativeTarget section */

/* Begin PBXProject section */
		1FE6762E1C4F6866008CBB62 /* Project object */ = {
			isa = PBXProject;
			attributes = {
				LastSwiftUpdateCheck = 0720;
				LastUpgradeCheck = 0720;
				ORGANIZATIONNAME = KnightSama;
				TargetAttributes = {
					1FE676351C4F6866008CBB62 = {
						CreatedOnToolsVersion = 7.2;
					};
				};
			};
			buildConfigurationList = 1FE676311C4F6866008CBB62 /* Build configuration list for PBXProject "Marbles" */;
			compatibilityVersion = "Xcode 3.2";
			developmentRegion = English;
			hasScannedForEncodings = 0;
			knownRegions = (
				en,
				Base,
			);
			mainGroup = 1FE6762D1C4F6866008CBB62;
			productRefGroup = 1FE676371C4F6866008CBB62 /* Products */;
			projectDirPath = "";
			projectRoot = "";
			targets = (
				1FE676351C4F6866008CBB62 /* Marbles */,
			);
		};
/* End PBXProject section */

/* Begin PBXResourcesBuildPhase section */
		1FE676341C4F6866008CBB62 /* Resources */ = {
			isa = PBXResourcesBuildPhase;
			buildActionMask = 2147483647;
			files = (
				1FE676441C4F6866008CBB62 /* LaunchScreen.storyboard in Resources */,
				1FE676411C4F6866008CBB62 /* Assets.xcassets in Resources */,
				1FE6763F1C4F6866008CBB62 /* Main.storyboard in Resources */,
			);
			runOnlyForDeploymentPostprocessing = 0;
		};
/* End PBXResourcesBuildPhase section */

/* Begin PBXSourcesBuildPhase section */
		1FE676321C4F6866008CBB62 /* Sources */ = {
			isa = PBXSourcesBuildPhase;
			buildActionMask = 2147483647;
			files = (
				1FE6764E1C4F68CF008CBB62 /* GameMap.swift in Sources */,
				1FE6763C1C4F6866008CBB62 /* ViewController.swift in Sources */,
				1FE6764C1C4F68BA008CBB62 /* GameView.swift in Sources */,
				188D0CEE2223D2E0006B158B /* BallView.swift in Sources */,
				1FE6763A1C4F6866008CBB62 /* AppDelegate.swift in Sources */,
			);
			runOnlyForDeploymentPostprocessing = 0;
		};
/* End PBXSourcesBuildPhase section */

/* Begin PBXVariantGroup section */
		1FE6763D1C4F6866008CBB62 /* Main.storyboard */ = {
			isa = PBXVariantGroup;
			children = (
				1FE6763E1C4F6866008CBB62 /* Base */,
			);
			name = Main.storyboard;
			sourceTree = "<group>";
		};
		1FE676421C4F6866008CBB62 /* LaunchScreen.storyboard */ = {
			isa = PBXVariantGroup;
			children = (
				1FE676431C4F6866008CBB62 /* Base */,
			);
			name = LaunchScreen.storyboard;
			sourceTree = "<group>";
		};
/* End PBXVariantGroup section */

/* Begin XCBuildConfiguration section */
		1FE676461C4F6866008CBB62 /* Debug */ = {
			isa = XCBuildConfiguration;
			buildSettings = {
				ALWAYS_SEARCH_USER_PATHS = NO;
				CLANG_CXX_LANGUAGE_STANDARD = "gnu++0x";
				CLANG_CXX_LIBRARY = "libc++";
				CLANG_ENABLE_MODULES = YES;
				CLANG_ENABLE_OBJC_ARC = YES;
				CLANG_WARN_BOOL_CONVERSION = YES;
				CLANG_WARN_CONSTANT_CONVERSION = YES;
				CLANG_WARN_DIRECT_OBJC_ISA_USAGE = YES_ERROR;
				CLANG_WARN_EMPTY_BODY = YES;
				CLANG_WARN_ENUM_CONVERSION = YES;
				CLANG_WARN_INT_CONVERSION = YES;
				CLANG_WARN_OBJC_ROOT_CLASS = YES_ERROR;
				CLANG_WARN_UNREACHABLE_CODE = YES;
				CLANG_WARN__DUPLICATE_METHOD_MATCH = YES;
				"CODE_SIGN_IDENTITY[sdk=iphoneos*]" = "iPhone Developer";
				COPY_PHASE_STRIP = NO;
				DEBUG_INFORMATION_FORMAT = dwarf;
				ENABLE_STRICT_OBJC_MSGSEND = YES;
				ENABLE_TESTABILITY = YES;
				GCC_C_LANGUAGE_STANDARD = gnu99;
				GCC_DYNAMIC_NO_PIC = NO;
				GCC_NO_COMMON_BLOCKS = YES;
				GCC_OPTIMIZATION_LEVEL = 0;
				GCC_PREPROCESSOR_DEFINITIONS = (
					"DEBUG=1",
					"$(inherited)",
				);
				GCC_WARN_64_TO_32_BIT_CONVERSION = YES;
				GCC_WARN_ABOUT_RETURN_TYPE = YES_ERROR;
				GCC_WARN_UNDECLARED_SELECTOR = YES;
				GCC_WARN_UNINITIALIZED_AUTOS = YES_AGGRESSIVE;
				GCC_WARN_UNUSED_FUNCTION = YES;
				GCC_WARN_UNUSED_VARIABLE = YES;
				IPHONEOS_DEPLOYMENT_TARGET = 9.2;
				MTL_ENABLE_DEBUG_INFO = YES;
				ONLY_ACTIVE_ARCH = YES;
				SDKROOT = iphoneos;
				SWIFT_OPTIMIZATION_LEVEL = "-Onone";
			};
			name = Debug;
		};
		1FE676471C4F6866008CBB62 /* Release */ = {
			isa = XCBuildConfiguration;
			buildSettings = {
				ALWAYS_SEARCH_USER_PATHS = NO;
				CLANG_CXX_LANGUAGE_STANDARD = "gnu++0x";
				CLANG_CXX_LIBRARY = "libc++";
				CLANG_ENABLE_MODULES = YES;
				CLANG_ENABLE_OBJC_ARC = YES;
				CLANG_WARN_BOOL_CONVERSION = YES;
				CLANG_WARN_CONSTANT_CONVERSION = YES;
				CLANG_WARN_DIRECT_OBJC_ISA_USAGE = YES_ERROR;
				CLANG_WARN_EMPTY_BODY = YES;
				CLANG_WARN_ENUM_CONVERSION = YES;
				CLANG_WARN_INT_CONVERSION = YES;
				CLANG_WARN_OBJC_ROOT_CLASS = YES_ERROR;
				CLANG_WARN_UNREACHABLE_CODE = YES;
				CLANG_WARN__DUPLICATE_METHOD_MATCH = YES;
				"CODE_SIGN_IDENTITY[sdk=iphoneos*]" = "iPhone Developer";
				COPY_PHASE_STRIP = NO;
				DEBUG_INFORMATION_FORMAT = "dwarf-with-dsym";
				ENABLE_NS_ASSERTIONS = NO;
				ENABLE_STRICT_OBJC_MSGSEND = YES;
				GCC_C_LANGUAGE_STANDARD = gnu99;
				GCC_NO_COMMON_BLOCKS = YES;
				GCC_WARN_64_TO_32_BIT_CONVERSION = YES;
				GCC_WARN_ABOUT_RETURN_TYPE = YES_ERROR;
				GCC_WARN_UNDECLARED_SELECTOR = YES;
				GCC_WARN_UNINITIALIZED_AUTOS = YES_AGGRESSIVE;
				GCC_WARN_UNUSED_FUNCTION = YES;
				GCC_WARN_UNUSED_VARIABLE = YES;
				IPHONEOS_DEPLOYMENT_TARGET = 9.2;
				MTL_ENABLE_DEBUG_INFO = NO;
				SDKROOT = iphoneos;
				VALIDATE_PRODUCT = YES;
			};
			name = Release;
		};
		1FE676491C4F6866008CBB62 /* Debug */ = {
			isa = XCBuildConfiguration;
			buildSettings = {
				ASSETCATALOG_COMPILER_APPICON_NAME = AppIcon;
				INFOPLIST_FILE = Marbles/Info.plist;
				IPHONEOS_DEPLOYMENT_TARGET = 8.0;
				LD_RUNPATH_SEARCH_PATHS = "$(inherited) @executable_path/Frameworks";
				PRODUCT_BUNDLE_IDENTIFIER = com.KnightSama.Marbles;
				PRODUCT_NAME = "$(TARGET_NAME)";
				SWIFT_VERSION = 4.2;
			};
			name = Debug;
		};
		1FE6764A1C4F6866008CBB62 /* Release */ = {
			isa = XCBuildConfiguration;
			buildSettings = {
				ASSETCATALOG_COMPILER_APPICON_NAME = AppIcon;
				INFOPLIST_FILE = Marbles/Info.plist;
				IPHONEOS_DEPLOYMENT_TARGET = 8.0;
				LD_RUNPATH_SEARCH_PATHS = "$(inherited) @executable_path/Frameworks";
				PRODUCT_BUNDLE_IDENTIFIER = com.KnightSama.Marbles;
				PRODUCT_NAME = "$(TARGET_NAME)";
				SWIFT_VERSION = 4.2;
			};
			name = Release;
		};
/* End XCBuildConfiguration section */

/* Begin XCConfigurationList section */
		1FE676311C4F6866008CBB62 /* Build configuration list for PBXProject "Marbles" */ = {
			isa = XCConfigurationList;
			buildConfigurations = (
				1FE676461C4F6866008CBB62 /* Debug */,
				1FE676471C4F6866008CBB62 /* Release */,
			);
			defaultConfigurationIsVisible = 0;
			defaultConfigurationName = Release;
		};
		1FE676481C4F6866008CBB62 /* Build configuration list for PBXNativeTarget "Marbles" */ = {
			isa = XCConfigurationList;
			buildConfigurations = (
				1FE676491C4F6866008CBB62 /* Debug */,
				1FE6764A1C4F6866008CBB62 /* Release */,
			);
			defaultConfigurationIsVisible = 0;
			defaultConfigurationName = Release;
		};
/* End XCConfigurationList section */
	};
	rootObject = 1FE6762E1C4F6866008CBB62 /* Project object */;
}
